
Microsoft Visual Studio Solution File, Format Version 12.00
# Visual Studio Version 17
VisualStudioVersion = 17.11.35208.52
MinimumVisualStudioVersion = 10.0.40219.1
Project("{9A19103F-16F7-4668-BE54-9A1E7A4F7556}") = "BC.PAYMENT.CORE", "BC.PAYMENT.CORE\BC.PAYMENT.CORE.csproj", "{38E2F3DC-A39F-4DC8-8F6D-5DDF4A36269A}"
EndProject
Project("{9A19103F-16F7-4668-BE54-9A1E7A4F7556}") = "BC.PAYMENT.APPLICATION", "BC.PAYMENT.APPLICATION\BC.PAYMENT.APPLICATION.csproj", "{904DEF2C-22D0-4918-822C-E5A71B858449}"
EndProject
Project("{9A19103F-16F7-4668-BE54-9A1E7A4F7556}") = "BC.PAYMENT.LOGGING", "BC.PAYMENT.LOGGING\BC.PAYMENT.LOGGING.csproj", "{334260EE-2A29-4B6B-A5D1-225819B56145}"
EndProject
Project("{9A19103F-16F7-4668-BE54-9A1E7A4F7556}") = "BC.PAYMENT.SQL", "BC.PAYMENT.SQL\BC.PAYMENT.SQL.csproj", "{DE904FFC-CC49-4CCB-BEA6-5C6E190F7890}"
EndProject
Project("{9A19103F-16F7-4668-BE54-9A1E7A4F7556}") = "BC.PAYMENT.API", "BC.PAYMENT.API\BC.PAYMENT.API.csproj", "{DDC6D5BC-874C-42D1-BF98-213906B0DF81}"
EndProject
Project("{9A19103F-16F7-4668-BE54-9A1E7A4F7556}") = "BC.PAYMENT.INFRASTRUCTURE", "BC.PAYMENT.INFRASTRUCTURE\BC.PAYMENT.INFRASTRUCTURE.csproj", "{E35BE58A-A20B-4343-A9E3-F245414E06FF}"
EndProject
Project("{9A19103F-16F7-4668-BE54-9A1E7A4F7556}") = "BC.PAYMENT.TEST", "BC.PAYMENT.TEST\BC.PAYMENT.TEST.csproj", "{C2FBC959-526B-4750-B6CC-00A2660CE3F6}"
EndProject
Project("{9A19103F-16F7-4668-BE54-9A1E7A4F7556}") = "BC.PAYMENT.REPORT", "BC.PAYMENT.REPORT\BC.PAYMENT.REPORT.csproj", "{FAD27942-A418-4F9C-BBB2-78FB73FE06D5}"
EndProject
Project("{2150E333-8FDC-42A3-9474-1A3956D46DE8}") = "SharedConfig", "SharedConfig", "{22B099B4-BFEE-4921-B9F3-F99B51FE1D2D}"
	ProjectSection(SolutionItems) = preProject
		BC.PAYMENT.REPORT\appsettings.Development.json = BC.PAYMENT.REPORT\appsettings.Development.json
		BC.PAYMENT.REPORT\appsettings.json = BC.PAYMENT.REPORT\appsettings.json
	EndProjectSection
EndProject
Project("{FAE04EC0-301F-11D3-BF4B-00C04F79EFBC}") = "BC.PAYMENT.REPORTS", "BC.PAYMENT.REPORTS\BC.PAYMENT.REPORTS.csproj", "{0DDACD82-9B47-4D75-93F5-6D8EF2BA99C0}"
EndProject
Global
	GlobalSection(SolutionConfigurationPlatforms) = preSolution
		Debug|Any CPU = Debug|Any CPU
		Release|Any CPU = Release|Any CPU
	EndGlobalSection
	GlobalSection(ProjectConfigurationPlatforms) = postSolution
		{38E2F3DC-A39F-4DC8-8F6D-5DDF4A36269A}.Debug|Any CPU.ActiveCfg = Debug|Any CPU
		{38E2F3DC-A39F-4DC8-8F6D-5DDF4A36269A}.Debug|Any CPU.Build.0 = Debug|Any CPU
		{38E2F3DC-A39F-4DC8-8F6D-5DDF4A36269A}.Release|Any CPU.ActiveCfg = Release|Any CPU
		{38E2F3DC-A39F-4DC8-8F6D-5DDF4A36269A}.Release|Any CPU.Build.0 = Release|Any CPU
		{904DEF2C-22D0-4918-822C-E5A71B858449}.Debug|Any CPU.ActiveCfg = Debug|Any CPU
		{904DEF2C-22D0-4918-822C-E5A71B858449}.Debug|Any CPU.Build.0 = Debug|Any CPU
		{904DEF2C-22D0-4918-822C-E5A71B858449}.Release|Any CPU.ActiveCfg = Release|Any CPU
		{904DEF2C-22D0-4918-822C-E5A71B858449}.Release|Any CPU.Build.0 = Release|Any CPU
		{334260EE-2A29-4B6B-A5D1-225819B56145}.Debug|Any CPU.ActiveCfg = Debug|Any CPU
		{334260EE-2A29-4B6B-A5D1-225819B56145}.Debug|Any CPU.Build.0 = Debug|Any CPU
		{334260EE-2A29-4B6B-A5D1-225819B56145}.Release|Any CPU.ActiveCfg = Release|Any CPU
		{334260EE-2A29-4B6B-A5D1-225819B56145}.Release|Any CPU.Build.0 = Release|Any CPU
		{DE904FFC-CC49-4CCB-BEA6-5C6E190F7890}.Debug|Any CPU.ActiveCfg = Debug|Any CPU
		{DE904FFC-CC49-4CCB-BEA6-5C6E190F7890}.Debug|Any CPU.Build.0 = Debug|Any CPU
		{DE904FFC-CC49-4CCB-BEA6-5C6E190F7890}.Release|Any CPU.ActiveCfg = Release|Any CPU
		{DE904FFC-CC49-4CCB-BEA6-5C6E190F7890}.Release|Any CPU.Build.0 = Release|Any CPU
		{DDC6D5BC-874C-42D1-BF98-213906B0DF81}.Debug|Any CPU.ActiveCfg = Debug|Any CPU
		{DDC6D5BC-874C-42D1-BF98-213906B0DF81}.Debug|Any CPU.Build.0 = Debug|Any CPU
		{DDC6D5BC-874C-42D1-BF98-213906B0DF81}.Release|Any CPU.ActiveCfg = Release|Any CPU
		{DDC6D5BC-874C-42D1-BF98-213906B0DF81}.Release|Any CPU.Build.0 = Release|Any CPU
		{E35BE58A-A20B-4343-A9E3-F245414E06FF}.Debug|Any CPU.ActiveCfg = Debug|Any CPU
		{E35BE58A-A20B-4343-A9E3-F245414E06FF}.Debug|Any CPU.Build.0 = Debug|Any CPU
		{E35BE58A-A20B-4343-A9E3-F245414E06FF}.Release|Any CPU.ActiveCfg = Release|Any CPU
		{E35BE58A-A20B-4343-A9E3-F245414E06FF}.Release|Any CPU.Build.0 = Release|Any CPU
		{C2FBC959-526B-4750-B6CC-00A2660CE3F6}.Debug|Any CPU.ActiveCfg = Debug|Any CPU
		{C2FBC959-526B-4750-B6CC-00A2660CE3F6}.Debug|Any CPU.Build.0 = Debug|Any CPU
		{C2FBC959-526B-4750-B6CC-00A2660CE3F6}.Release|Any CPU.ActiveCfg = Release|Any CPU
		{C2FBC959-526B-4750-B6CC-00A2660CE3F6}.Release|Any CPU.Build.0 = Release|Any CPU
		{FAD27942-A418-4F9C-BBB2-78FB73FE06D5}.Debug|Any CPU.ActiveCfg = Debug|Any CPU
		{FAD27942-A418-4F9C-BBB2-78FB73FE06D5}.Debug|Any CPU.Build.0 = Debug|Any CPU
		{FAD27942-A418-4F9C-BBB2-78FB73FE06D5}.Release|Any CPU.ActiveCfg = Release|Any CPU
		{FAD27942-A418-4F9C-BBB2-78FB73FE06D5}.Release|Any CPU.Build.0 = Release|Any CPU
		{0DDACD82-9B47-4D75-93F5-6D8EF2BA99C0}.Debug|Any CPU.ActiveCfg = Debug|Any CPU
		{0DDACD82-9B47-4D75-93F5-6D8EF2BA99C0}.Debug|Any CPU.Build.0 = Debug|Any CPU
		{0DDACD82-9B47-4D75-93F5-6D8EF2BA99C0}.Release|Any CPU.ActiveCfg = Release|Any CPU
		{0DDACD82-9B47-4D75-93F5-6D8EF2BA99C0}.Release|Any CPU.Build.0 = Release|Any CPU
	EndGlobalSection
	GlobalSection(SolutionProperties) = preSolution
		HideSolutionNode = FALSE
	EndGlobalSection
	GlobalSection(ExtensibilityGlobals) = postSolution
		SolutionGuid = {ECA8AC18-675B-4D8B-9F2F-E39BEA53AB9D}
	EndGlobalSection
EndGlobal
